{
  "originHash" : "387f8fdaef4d10d5f47d9a71f56fa50ae0be15e9907cef1036594798825adf42",
  "pins" : [
    {
      "identity" : "color-studio",
      "kind" : "remoteSourceControl",
      "location" : "https://github.com/Automattic/color-studio",
      "state" : {
        "revision" : "bf141adc75e2769eb469a3e095bdc93dc30be8de"
      }
    },
    {
      "identity" : "grdb.swift",
      "kind" : "remoteSourceControl",
      "location" : "https://github.com/groue/GRDB.swift",
      "state" : {
        "revision" : "b83108d10f42680d78f23fe4d4d80fc88dab3212",
        "version" : "7.11.1"
      }
    },
    {
      "identity" : "wordpress-rs",
      "kind" : "remoteSourceControl",
      "location" : "https://github.com/automattic/wordpress-rs",
      "state" : {
        "revision" : "68a8ab594578f2b3e058460e5a944176af20399b",
        "version" : "0.9.1"
      }
    }
  ],
  "version" : 3
}
